
Microsoft Visual Studio Solution File, Format Version 12.00
# Visual Studio Version 16
VisualStudioVersion = 16.0.31019.35
MinimumVisualStudioVersion = 10.0.40219.1
Project("{FAE04EC0-301F-11D3-BF4B-00C04F79EFBC}") = "ListaDeExerciciosOO", "ListaDeExerciciosOO\ListaDeExerciciosOO.csproj", "{F0FD5AFA-A2C7-47B0-8E1F-CA22D18F578B}"
EndProject
Project("{FAE04EC0-301F-11D3-BF4B-00C04F79EFBC}") = "Model", "Model\Model.csproj", "{FFF79E6F-7470-450A-B738-6E86B41C1808}"
EndProject
Global
	GlobalSection(SolutionConfigurationPlatforms) = preSolution
		Debug|Any CPU = Debug|Any CPU
		Release|Any CPU = Release|Any CPU
	EndGlobalSection
	GlobalSection(ProjectConfigurationPlatforms) = postSolution
		{F0FD5AFA-A2C7-47B0-8E1F-CA22D18F578B}.Debug|Any CPU.ActiveCfg = Debug|Any CPU
		{F0FD5AFA-A2C7-47B0-8E1F-CA22D18F578B}.Debug|Any CPU.Build.0 = Debug|Any CPU
		{F0FD5AFA-A2C7-47B0-8E1F-CA22D18F578B}.Release|Any CPU.ActiveCfg = Release|Any CPU
		{F0FD5AFA-A2C7-47B0-8E1F-CA22D18F578B}.Release|Any CPU.Build.0 = Release|Any CPU
		{FFF79E6F-7470-450A-B738-6E86B41C1808}.Debug|Any CPU.ActiveCfg = Debug|Any CPU
		{FFF79E6F-7470-450A-B738-6E86B41C1808}.Debug|Any CPU.Build.0 = Debug|Any CPU
		{FFF79E6F-7470-450A-B738-6E86B41C1808}.Release|Any CPU.ActiveCfg = Release|Any CPU
		{FFF79E6F-7470-450A-B738-6E86B41C1808}.Release|Any CPU.Build.0 = Release|Any CPU
	EndGlobalSection
	GlobalSection(SolutionProperties) = preSolution
		HideSolutionNode = FALSE
	EndGlobalSection
	GlobalSection(ExtensibilityGlobals) = postSolution
		SolutionGuid = {0D78215B-3466-4379-9132-8FF8DD21E9D6}
	EndGlobalSection
EndGlobal
