
Microsoft Visual Studio Solution File, Format Version 12.00
# Visual Studio Version 16
VisualStudioVersion = 16.0.31019.35
MinimumVisualStudioVersion = 10.0.40219.1
Project("{FAE04EC0-301F-11D3-BF4B-00C04F79EFBC}") = "Orcamento", "Orcamento\Orcamento.csproj", "{E03784DD-3044-4600-B23F-40DB08E7E0E8}"
EndProject
Project("{FAE04EC0-301F-11D3-BF4B-00C04F79EFBC}") = "Dal", "Dal\Dal.csproj", "{21CC2A45-4E29-419B-A58E-A03B0329D399}"
EndProject
Project("{FAE04EC0-301F-11D3-BF4B-00C04F79EFBC}") = "Model", "Model\Model.csproj", "{BBA8F662-3BCA-4C17-A85D-AAC6F8E1EEEC}"
EndProject
Global
	GlobalSection(SolutionConfigurationPlatforms) = preSolution
		Debug|Any CPU = Debug|Any CPU
		Release|Any CPU = Release|Any CPU
	EndGlobalSection
	GlobalSection(ProjectConfigurationPlatforms) = postSolution
		{E03784DD-3044-4600-B23F-40DB08E7E0E8}.Debug|Any CPU.ActiveCfg = Debug|Any CPU
		{E03784DD-3044-4600-B23F-40DB08E7E0E8}.Debug|Any CPU.Build.0 = Debug|Any CPU
		{E03784DD-3044-4600-B23F-40DB08E7E0E8}.Release|Any CPU.ActiveCfg = Release|Any CPU
		{E03784DD-3044-4600-B23F-40DB08E7E0E8}.Release|Any CPU.Build.0 = Release|Any CPU
		{21CC2A45-4E29-419B-A58E-A03B0329D399}.Debug|Any CPU.ActiveCfg = Debug|Any CPU
		{21CC2A45-4E29-419B-A58E-A03B0329D399}.Debug|Any CPU.Build.0 = Debug|Any CPU
		{21CC2A45-4E29-419B-A58E-A03B0329D399}.Release|Any CPU.ActiveCfg = Release|Any CPU
		{21CC2A45-4E29-419B-A58E-A03B0329D399}.Release|Any CPU.Build.0 = Release|Any CPU
		{BBA8F662-3BCA-4C17-A85D-AAC6F8E1EEEC}.Debug|Any CPU.ActiveCfg = Debug|Any CPU
		{BBA8F662-3BCA-4C17-A85D-AAC6F8E1EEEC}.Debug|Any CPU.Build.0 = Debug|Any CPU
		{BBA8F662-3BCA-4C17-A85D-AAC6F8E1EEEC}.Release|Any CPU.ActiveCfg = Release|Any CPU
		{BBA8F662-3BCA-4C17-A85D-AAC6F8E1EEEC}.Release|Any CPU.Build.0 = Release|Any CPU
	EndGlobalSection
	GlobalSection(SolutionProperties) = preSolution
		HideSolutionNode = FALSE
	EndGlobalSection
	GlobalSection(ExtensibilityGlobals) = postSolution
		SolutionGuid = {DA28075A-1BDB-41FD-B386-32015D666019}
	EndGlobalSection
EndGlobal
