
Microsoft Visual Studio Solution File, Format Version 12.00
# Visual Studio Version 16
VisualStudioVersion = 16.0.31229.75
MinimumVisualStudioVersion = 10.0.40219.1
Project("{FAE04EC0-301F-11D3-BF4B-00C04F79EFBC}") = "ProjP2", "ProjP2\ProjP2.csproj", "{A960B013-E387-4467-B208-BC10D7B1A54A}"
EndProject
Global
	GlobalSection(SolutionConfigurationPlatforms) = preSolution
		Debug|Any CPU = Debug|Any CPU
		Release|Any CPU = Release|Any CPU
	EndGlobalSection
	GlobalSection(ProjectConfigurationPlatforms) = postSolution
		{A960B013-E387-4467-B208-BC10D7B1A54A}.Debug|Any CPU.ActiveCfg = Debug|Any CPU
		{A960B013-E387-4467-B208-BC10D7B1A54A}.Debug|Any CPU.Build.0 = Debug|Any CPU
		{A960B013-E387-4467-B208-BC10D7B1A54A}.Release|Any CPU.ActiveCfg = Release|Any CPU
		{A960B013-E387-4467-B208-BC10D7B1A54A}.Release|Any CPU.Build.0 = Release|Any CPU
	EndGlobalSection
	GlobalSection(SolutionProperties) = preSolution
		HideSolutionNode = FALSE
	EndGlobalSection
	GlobalSection(ExtensibilityGlobals) = postSolution
		SolutionGuid = {D8A9F6B4-A7A1-4924-8260-C3D41CF17DE3}
	EndGlobalSection
EndGlobal
